
Microsoft Visual Studio Solution File, Format Version 12.00
# Visual Studio Express 2013 for Windows Desktop
VisualStudioVersion = 12.0.21005.1
MinimumVisualStudioVersion = 10.0.40219.1
Project("{FAE04EC0-301F-11D3-BF4B-00C04F79EFBC}") = "1-3.StudentsOrganazation", "StudentsOrganazation\1-3.StudentsOrganazation.csproj", "{8F380EB7-2B52-460A-94A4-F6936243B38A}"
EndProject
Project("{FAE04EC0-301F-11D3-BF4B-00C04F79EFBC}") = "4.Person", "Person\4.Person.csproj", "{497F5549-2451-49AA-B0A0-CD583D9833F1}"
EndProject
Project("{FAE04EC0-301F-11D3-BF4B-00C04F79EFBC}") = "5.BitArray", "BitArray\5.BitArray.csproj", "{CEC18472-6F2D-492C-A536-DB11E6C4C0A2}"
EndProject
Global
	GlobalSection(SolutionConfigurationPlatforms) = preSolution
		Debug|Any CPU = Debug|Any CPU
		Release|Any CPU = Release|Any CPU
	EndGlobalSection
	GlobalSection(ProjectConfigurationPlatforms) = postSolution
		{8F380EB7-2B52-460A-94A4-F6936243B38A}.Debug|Any CPU.ActiveCfg = Debug|Any CPU
		{8F380EB7-2B52-460A-94A4-F6936243B38A}.Debug|Any CPU.Build.0 = Debug|Any CPU
		{8F380EB7-2B52-460A-94A4-F6936243B38A}.Release|Any CPU.ActiveCfg = Release|Any CPU
		{8F380EB7-2B52-460A-94A4-F6936243B38A}.Release|Any CPU.Build.0 = Release|Any CPU
		{497F5549-2451-49AA-B0A0-CD583D9833F1}.Debug|Any CPU.ActiveCfg = Debug|Any CPU
		{497F5549-2451-49AA-B0A0-CD583D9833F1}.Debug|Any CPU.Build.0 = Debug|Any CPU
		{497F5549-2451-49AA-B0A0-CD583D9833F1}.Release|Any CPU.ActiveCfg = Release|Any CPU
		{497F5549-2451-49AA-B0A0-CD583D9833F1}.Release|Any CPU.Build.0 = Release|Any CPU
		{CEC18472-6F2D-492C-A536-DB11E6C4C0A2}.Debug|Any CPU.ActiveCfg = Debug|Any CPU
		{CEC18472-6F2D-492C-A536-DB11E6C4C0A2}.Debug|Any CPU.Build.0 = Debug|Any CPU
		{CEC18472-6F2D-492C-A536-DB11E6C4C0A2}.Release|Any CPU.ActiveCfg = Release|Any CPU
		{CEC18472-6F2D-492C-A536-DB11E6C4C0A2}.Release|Any CPU.Build.0 = Release|Any CPU
	EndGlobalSection
	GlobalSection(SolutionProperties) = preSolution
		HideSolutionNode = FALSE
	EndGlobalSection
EndGlobal
