
Microsoft Visual Studio Solution File, Format Version 12.00
# Visual Studio Express 2013 for Windows Desktop
VisualStudioVersion = 12.0.21005.1
MinimumVisualStudioVersion = 10.0.40219.1
Project("{FAE04EC0-301F-11D3-BF4B-00C04F79EFBC}") = "3.CalcRectangeArea", "3.CalcRectangeArea\3.CalcRectangeArea.csproj", "{63B046E9-E887-4AFC-8AA5-CA91D502E0EC}"
EndProject
Project("{FAE04EC0-301F-11D3-BF4B-00C04F79EFBC}") = "4.ThirdDigit", "4.ThirdDigit\4.ThirdDigit.csproj", "{71F627D7-E1DA-47A4-9196-BEF36462848A}"
EndProject
Project("{FAE04EC0-301F-11D3-BF4B-00C04F79EFBC}") = "5.FindThirdBit", "5.FindThirdBit\5.FindThirdBit.csproj", "{8CAB96A0-11EF-4BE3-B013-4D4F783621C7}"
EndProject
Project("{FAE04EC0-301F-11D3-BF4B-00C04F79EFBC}") = "6.IfPointInCircle", "6.IfPointInCircle\6.IfPointInCircle.csproj", "{DA14AD8E-2BCB-430A-A41C-7B33B4BD8677}"
EndProject
Project("{FAE04EC0-301F-11D3-BF4B-00C04F79EFBC}") = "7.PrimeNumber", "7.PrimeNumber\7.PrimeNumber.csproj", "{612773A4-CA8F-4E6C-9A5C-402EC435643C}"
EndProject
Project("{FAE04EC0-301F-11D3-BF4B-00C04F79EFBC}") = "8.TrapezoidArea", "8.TrapezoidArea\8.TrapezoidArea.csproj", "{DAF96E5F-D071-4B96-A79F-77FCE377E87E}"
EndProject
Project("{FAE04EC0-301F-11D3-BF4B-00C04F79EFBC}") = "9.IsPointWithinCirleOutOfRectangle", "9.IsPointWithinCirleOutOfRectangle\9.IsPointWithinCirleOutOfRectangle.csproj", "{34E61F63-7D90-4F3A-84DB-9E27D2D5230C}"
EndProject
Project("{FAE04EC0-301F-11D3-BF4B-00C04F79EFBC}") = "10.FindBitAtPosition", "10.FindBitAtPosition\10.FindBitAtPosition.csproj", "{C8C3F03B-9BCD-406D-B95D-0299F9FA60E4}"
EndProject
Project("{FAE04EC0-301F-11D3-BF4B-00C04F79EFBC}") = "11.ExtractBitAtGivenPosition", "11.ExtractBitAtGivenPosition\11.ExtractBitAtGivenPosition.csproj", "{9E65D470-B631-4793-B5E3-534EF752F738}"
EndProject
Project("{FAE04EC0-301F-11D3-BF4B-00C04F79EFBC}") = "12.SetValue", "12.SetValue\12.SetValue.csproj", "{78DA4105-FF2B-4EED-B01F-60AB7656A5DB}"
EndProject
Project("{FAE04EC0-301F-11D3-BF4B-00C04F79EFBC}") = "13.ReplacingBits", "13.ReplacingBits\13.ReplacingBits.csproj", "{12C4A997-D7F0-4E5B-8048-4F5BB9C5C694}"
EndProject
Project("{FAE04EC0-301F-11D3-BF4B-00C04F79EFBC}") = "1.OddOrEven", "1.OddOrEven\1.OddOrEven.csproj", "{AC0073AC-AB3D-4827-B21D-BCEE922F8E6B}"
EndProject
Project("{FAE04EC0-301F-11D3-BF4B-00C04F79EFBC}") = "2.CheckDivWithoutReminder", "2.CheckDivWithoutReminder\2.CheckDivWithoutReminder.csproj", "{3E6796C8-C6D2-4A20-A865-BC14CF403AC7}"
EndProject
Global
	GlobalSection(SolutionConfigurationPlatforms) = preSolution
		Debug|Any CPU = Debug|Any CPU
		Release|Any CPU = Release|Any CPU
	EndGlobalSection
	GlobalSection(ProjectConfigurationPlatforms) = postSolution
		{63B046E9-E887-4AFC-8AA5-CA91D502E0EC}.Debug|Any CPU.ActiveCfg = Debug|Any CPU
		{63B046E9-E887-4AFC-8AA5-CA91D502E0EC}.Debug|Any CPU.Build.0 = Debug|Any CPU
		{63B046E9-E887-4AFC-8AA5-CA91D502E0EC}.Release|Any CPU.ActiveCfg = Release|Any CPU
		{63B046E9-E887-4AFC-8AA5-CA91D502E0EC}.Release|Any CPU.Build.0 = Release|Any CPU
		{71F627D7-E1DA-47A4-9196-BEF36462848A}.Debug|Any CPU.ActiveCfg = Debug|Any CPU
		{71F627D7-E1DA-47A4-9196-BEF36462848A}.Debug|Any CPU.Build.0 = Debug|Any CPU
		{71F627D7-E1DA-47A4-9196-BEF36462848A}.Release|Any CPU.ActiveCfg = Release|Any CPU
		{71F627D7-E1DA-47A4-9196-BEF36462848A}.Release|Any CPU.Build.0 = Release|Any CPU
		{8CAB96A0-11EF-4BE3-B013-4D4F783621C7}.Debug|Any CPU.ActiveCfg = Debug|Any CPU
		{8CAB96A0-11EF-4BE3-B013-4D4F783621C7}.Debug|Any CPU.Build.0 = Debug|Any CPU
		{8CAB96A0-11EF-4BE3-B013-4D4F783621C7}.Release|Any CPU.ActiveCfg = Release|Any CPU
		{8CAB96A0-11EF-4BE3-B013-4D4F783621C7}.Release|Any CPU.Build.0 = Release|Any CPU
		{DA14AD8E-2BCB-430A-A41C-7B33B4BD8677}.Debug|Any CPU.ActiveCfg = Debug|Any CPU
		{DA14AD8E-2BCB-430A-A41C-7B33B4BD8677}.Debug|Any CPU.Build.0 = Debug|Any CPU
		{DA14AD8E-2BCB-430A-A41C-7B33B4BD8677}.Release|Any CPU.ActiveCfg = Release|Any CPU
		{DA14AD8E-2BCB-430A-A41C-7B33B4BD8677}.Release|Any CPU.Build.0 = Release|Any CPU
		{612773A4-CA8F-4E6C-9A5C-402EC435643C}.Debug|Any CPU.ActiveCfg = Debug|Any CPU
		{612773A4-CA8F-4E6C-9A5C-402EC435643C}.Debug|Any CPU.Build.0 = Debug|Any CPU
		{612773A4-CA8F-4E6C-9A5C-402EC435643C}.Release|Any CPU.ActiveCfg = Release|Any CPU
		{612773A4-CA8F-4E6C-9A5C-402EC435643C}.Release|Any CPU.Build.0 = Release|Any CPU
		{DAF96E5F-D071-4B96-A79F-77FCE377E87E}.Debug|Any CPU.ActiveCfg = Debug|Any CPU
		{DAF96E5F-D071-4B96-A79F-77FCE377E87E}.Debug|Any CPU.Build.0 = Debug|Any CPU
		{DAF96E5F-D071-4B96-A79F-77FCE377E87E}.Release|Any CPU.ActiveCfg = Release|Any CPU
		{DAF96E5F-D071-4B96-A79F-77FCE377E87E}.Release|Any CPU.Build.0 = Release|Any CPU
		{34E61F63-7D90-4F3A-84DB-9E27D2D5230C}.Debug|Any CPU.ActiveCfg = Debug|Any CPU
		{34E61F63-7D90-4F3A-84DB-9E27D2D5230C}.Debug|Any CPU.Build.0 = Debug|Any CPU
		{34E61F63-7D90-4F3A-84DB-9E27D2D5230C}.Release|Any CPU.ActiveCfg = Release|Any CPU
		{34E61F63-7D90-4F3A-84DB-9E27D2D5230C}.Release|Any CPU.Build.0 = Release|Any CPU
		{C8C3F03B-9BCD-406D-B95D-0299F9FA60E4}.Debug|Any CPU.ActiveCfg = Debug|Any CPU
		{C8C3F03B-9BCD-406D-B95D-0299F9FA60E4}.Debug|Any CPU.Build.0 = Debug|Any CPU
		{C8C3F03B-9BCD-406D-B95D-0299F9FA60E4}.Release|Any CPU.ActiveCfg = Release|Any CPU
		{C8C3F03B-9BCD-406D-B95D-0299F9FA60E4}.Release|Any CPU.Build.0 = Release|Any CPU
		{9E65D470-B631-4793-B5E3-534EF752F738}.Debug|Any CPU.ActiveCfg = Debug|Any CPU
		{9E65D470-B631-4793-B5E3-534EF752F738}.Debug|Any CPU.Build.0 = Debug|Any CPU
		{9E65D470-B631-4793-B5E3-534EF752F738}.Release|Any CPU.ActiveCfg = Release|Any CPU
		{9E65D470-B631-4793-B5E3-534EF752F738}.Release|Any CPU.Build.0 = Release|Any CPU
		{78DA4105-FF2B-4EED-B01F-60AB7656A5DB}.Debug|Any CPU.ActiveCfg = Debug|Any CPU
		{78DA4105-FF2B-4EED-B01F-60AB7656A5DB}.Debug|Any CPU.Build.0 = Debug|Any CPU
		{78DA4105-FF2B-4EED-B01F-60AB7656A5DB}.Release|Any CPU.ActiveCfg = Release|Any CPU
		{78DA4105-FF2B-4EED-B01F-60AB7656A5DB}.Release|Any CPU.Build.0 = Release|Any CPU
		{12C4A997-D7F0-4E5B-8048-4F5BB9C5C694}.Debug|Any CPU.ActiveCfg = Debug|Any CPU
		{12C4A997-D7F0-4E5B-8048-4F5BB9C5C694}.Debug|Any CPU.Build.0 = Debug|Any CPU
		{12C4A997-D7F0-4E5B-8048-4F5BB9C5C694}.Release|Any CPU.ActiveCfg = Release|Any CPU
		{12C4A997-D7F0-4E5B-8048-4F5BB9C5C694}.Release|Any CPU.Build.0 = Release|Any CPU
		{AC0073AC-AB3D-4827-B21D-BCEE922F8E6B}.Debug|Any CPU.ActiveCfg = Debug|Any CPU
		{AC0073AC-AB3D-4827-B21D-BCEE922F8E6B}.Debug|Any CPU.Build.0 = Debug|Any CPU
		{AC0073AC-AB3D-4827-B21D-BCEE922F8E6B}.Release|Any CPU.ActiveCfg = Release|Any CPU
		{AC0073AC-AB3D-4827-B21D-BCEE922F8E6B}.Release|Any CPU.Build.0 = Release|Any CPU
		{3E6796C8-C6D2-4A20-A865-BC14CF403AC7}.Debug|Any CPU.ActiveCfg = Debug|Any CPU
		{3E6796C8-C6D2-4A20-A865-BC14CF403AC7}.Debug|Any CPU.Build.0 = Debug|Any CPU
		{3E6796C8-C6D2-4A20-A865-BC14CF403AC7}.Release|Any CPU.ActiveCfg = Release|Any CPU
		{3E6796C8-C6D2-4A20-A865-BC14CF403AC7}.Release|Any CPU.Build.0 = Release|Any CPU
	EndGlobalSection
	GlobalSection(SolutionProperties) = preSolution
		HideSolutionNode = FALSE
	EndGlobalSection
EndGlobal
