
Microsoft Visual Studio Solution File, Format Version 12.00
# Visual Studio Express 2013 for Windows Desktop
VisualStudioVersion = 12.0.21005.1
MinimumVisualStudioVersion = 10.0.40219.1
Project("{8BC9CEB8-8B4A-11D0-8D11-00A0C91BC942}") = "Factorial", "VCPlusPlusLoops\VCPlusPlusLoops.vcxproj", "{58DAE464-F80B-4392-AE1D-93997E5EC4AE}"
EndProject
Project("{8BC9CEB8-8B4A-11D0-8D11-00A0C91BC942}") = "FactorialExpr", "FactorialExpr\FactorialExpr.vcxproj", "{F11B1AAB-9027-4C4F-A67F-8D534C0E7652}"
EndProject
Project("{8BC9CEB8-8B4A-11D0-8D11-00A0C91BC942}") = "Fibonacci", "Fibonacci\Fibonacci.vcxproj", "{790999B7-FFFF-400F-8B77-890FE2965701}"
EndProject
Project("{8BC9CEB8-8B4A-11D0-8D11-00A0C91BC942}") = "GCDofTwoNums", "GCDofTwoNums\GCDofTwoNums.vcxproj", "{7FFA471E-18C1-441E-AA5C-627E3102A226}"
EndProject
Project("{8BC9CEB8-8B4A-11D0-8D11-00A0C91BC942}") = "PrintMatrix", "PrintMatrix\PrintMatrix.vcxproj", "{370143BF-DF13-4086-99EA-96B41F384EBB}"
EndProject
Project("{8BC9CEB8-8B4A-11D0-8D11-00A0C91BC942}") = "CalcTrZeroesInFactorialOfNum", "CalcTrZerosInFactorialOfNum\CalcTrZerosInFactorialOfNum.vcxproj", "{DD5BC1E9-C163-4C1F-A857-A34D55E8D265}"
EndProject
Project("{8BC9CEB8-8B4A-11D0-8D11-00A0C91BC942}") = "PrintSpiralMatrix", "PrintSpiralMatrix\PrintSpiralMatrix.vcxproj", "{B475E0A9-E8CA-40D2-9441-DC1AA845D219}"
EndProject
Global
	GlobalSection(SolutionConfigurationPlatforms) = preSolution
		Debug|Win32 = Debug|Win32
		Release|Win32 = Release|Win32
	EndGlobalSection
	GlobalSection(ProjectConfigurationPlatforms) = postSolution
		{58DAE464-F80B-4392-AE1D-93997E5EC4AE}.Debug|Win32.ActiveCfg = Debug|Win32
		{58DAE464-F80B-4392-AE1D-93997E5EC4AE}.Debug|Win32.Build.0 = Debug|Win32
		{58DAE464-F80B-4392-AE1D-93997E5EC4AE}.Release|Win32.ActiveCfg = Release|Win32
		{58DAE464-F80B-4392-AE1D-93997E5EC4AE}.Release|Win32.Build.0 = Release|Win32
		{F11B1AAB-9027-4C4F-A67F-8D534C0E7652}.Debug|Win32.ActiveCfg = Debug|Win32
		{F11B1AAB-9027-4C4F-A67F-8D534C0E7652}.Debug|Win32.Build.0 = Debug|Win32
		{F11B1AAB-9027-4C4F-A67F-8D534C0E7652}.Release|Win32.ActiveCfg = Release|Win32
		{F11B1AAB-9027-4C4F-A67F-8D534C0E7652}.Release|Win32.Build.0 = Release|Win32
		{790999B7-FFFF-400F-8B77-890FE2965701}.Debug|Win32.ActiveCfg = Debug|Win32
		{790999B7-FFFF-400F-8B77-890FE2965701}.Debug|Win32.Build.0 = Debug|Win32
		{790999B7-FFFF-400F-8B77-890FE2965701}.Release|Win32.ActiveCfg = Release|Win32
		{790999B7-FFFF-400F-8B77-890FE2965701}.Release|Win32.Build.0 = Release|Win32
		{7FFA471E-18C1-441E-AA5C-627E3102A226}.Debug|Win32.ActiveCfg = Debug|Win32
		{7FFA471E-18C1-441E-AA5C-627E3102A226}.Debug|Win32.Build.0 = Debug|Win32
		{7FFA471E-18C1-441E-AA5C-627E3102A226}.Release|Win32.ActiveCfg = Release|Win32
		{7FFA471E-18C1-441E-AA5C-627E3102A226}.Release|Win32.Build.0 = Release|Win32
		{370143BF-DF13-4086-99EA-96B41F384EBB}.Debug|Win32.ActiveCfg = Debug|Win32
		{370143BF-DF13-4086-99EA-96B41F384EBB}.Debug|Win32.Build.0 = Debug|Win32
		{370143BF-DF13-4086-99EA-96B41F384EBB}.Release|Win32.ActiveCfg = Release|Win32
		{370143BF-DF13-4086-99EA-96B41F384EBB}.Release|Win32.Build.0 = Release|Win32
		{DD5BC1E9-C163-4C1F-A857-A34D55E8D265}.Debug|Win32.ActiveCfg = Debug|Win32
		{DD5BC1E9-C163-4C1F-A857-A34D55E8D265}.Debug|Win32.Build.0 = Debug|Win32
		{DD5BC1E9-C163-4C1F-A857-A34D55E8D265}.Release|Win32.ActiveCfg = Release|Win32
		{DD5BC1E9-C163-4C1F-A857-A34D55E8D265}.Release|Win32.Build.0 = Release|Win32
		{B475E0A9-E8CA-40D2-9441-DC1AA845D219}.Debug|Win32.ActiveCfg = Debug|Win32
		{B475E0A9-E8CA-40D2-9441-DC1AA845D219}.Debug|Win32.Build.0 = Debug|Win32
		{B475E0A9-E8CA-40D2-9441-DC1AA845D219}.Release|Win32.ActiveCfg = Release|Win32
		{B475E0A9-E8CA-40D2-9441-DC1AA845D219}.Release|Win32.Build.0 = Release|Win32
	EndGlobalSection
	GlobalSection(SolutionProperties) = preSolution
		HideSolutionNode = FALSE
	EndGlobalSection
EndGlobal
